
Microsoft Visual Studio Solution File, Format Version 12.00
# Visual Studio Version 17
VisualStudioVersion = 17.11.35222.181
MinimumVisualStudioVersion = 10.0.40219.1
Project("{FAE04EC0-301F-11D3-BF4B-00C04F79EFBC}") = "Method Class App", "Method Class App\Method Class App.csproj", "{D8F5D920-197D-42B0-AAE4-0D8F99B7B640}"
EndProject
Global
	GlobalSection(SolutionConfigurationPlatforms) = preSolution
		Debug|Any CPU = Debug|Any CPU
		Release|Any CPU = Release|Any CPU
	EndGlobalSection
	GlobalSection(ProjectConfigurationPlatforms) = postSolution
		{D8F5D920-197D-42B0-AAE4-0D8F99B7B640}.Debug|Any CPU.ActiveCfg = Debug|Any CPU
		{D8F5D920-197D-42B0-AAE4-0D8F99B7B640}.Debug|Any CPU.Build.0 = Debug|Any CPU
		{D8F5D920-197D-42B0-AAE4-0D8F99B7B640}.Release|Any CPU.ActiveCfg = Release|Any CPU
		{D8F5D920-197D-42B0-AAE4-0D8F99B7B640}.Release|Any CPU.Build.0 = Release|Any CPU
	EndGlobalSection
	GlobalSection(SolutionProperties) = preSolution
		HideSolutionNode = FALSE
	EndGlobalSection
	GlobalSection(ExtensibilityGlobals) = postSolution
		SolutionGuid = {54206DBE-57C3-4DA3-93DF-A3E3E3B89BD9}
	EndGlobalSection
EndGlobal
