
Microsoft Visual Studio Solution File, Format Version 12.00
# Visual Studio Version 17
VisualStudioVersion = 17.11.35222.181
MinimumVisualStudioVersion = 10.0.40219.1
Project("{FAE04EC0-301F-11D3-BF4B-00C04F79EFBC}") = "Package Express Shipping", "Package Express Shipping\Package Express Shipping.csproj", "{E8ED1C2F-738A-4132-9065-8CC282ADBC4A}"
EndProject
Global
	GlobalSection(SolutionConfigurationPlatforms) = preSolution
		Debug|Any CPU = Debug|Any CPU
		Release|Any CPU = Release|Any CPU
	EndGlobalSection
	GlobalSection(ProjectConfigurationPlatforms) = postSolution
		{E8ED1C2F-738A-4132-9065-8CC282ADBC4A}.Debug|Any CPU.ActiveCfg = Debug|Any CPU
		{E8ED1C2F-738A-4132-9065-8CC282ADBC4A}.Debug|Any CPU.Build.0 = Debug|Any CPU
		{E8ED1C2F-738A-4132-9065-8CC282ADBC4A}.Release|Any CPU.ActiveCfg = Release|Any CPU
		{E8ED1C2F-738A-4132-9065-8CC282ADBC4A}.Release|Any CPU.Build.0 = Release|Any CPU
	EndGlobalSection
	GlobalSection(SolutionProperties) = preSolution
		HideSolutionNode = FALSE
	EndGlobalSection
	GlobalSection(ExtensibilityGlobals) = postSolution
		SolutionGuid = {D1D0ACA8-1B8A-45CA-A748-FDFFA1D852FC}
	EndGlobalSection
EndGlobal
