
Microsoft Visual Studio Solution File, Format Version 12.00
# Visual Studio Version 17
VisualStudioVersion = 17.11.35327.3
MinimumVisualStudioVersion = 10.0.40219.1
Project("{FAE04EC0-301F-11D3-BF4B-00C04F79EFBC}") = "CarInsurance", "CarInsurance\CarInsurance.csproj", "{BA17EB5A-38BB-4D3D-866E-A328705BA507}"
EndProject
Global
	GlobalSection(SolutionConfigurationPlatforms) = preSolution
		Debug|Any CPU = Debug|Any CPU
		Release|Any CPU = Release|Any CPU
	EndGlobalSection
	GlobalSection(ProjectConfigurationPlatforms) = postSolution
		{BA17EB5A-38BB-4D3D-866E-A328705BA507}.Debug|Any CPU.ActiveCfg = Debug|Any CPU
		{BA17EB5A-38BB-4D3D-866E-A328705BA507}.Debug|Any CPU.Build.0 = Debug|Any CPU
		{BA17EB5A-38BB-4D3D-866E-A328705BA507}.Release|Any CPU.ActiveCfg = Release|Any CPU
		{BA17EB5A-38BB-4D3D-866E-A328705BA507}.Release|Any CPU.Build.0 = Release|Any CPU
	EndGlobalSection
	GlobalSection(SolutionProperties) = preSolution
		HideSolutionNode = FALSE
	EndGlobalSection
	GlobalSection(ExtensibilityGlobals) = postSolution
		SolutionGuid = {591C6EA0-D702-4AB8-9CA4-A3E87FBDF046}
	EndGlobalSection
EndGlobal
