
Microsoft Visual Studio Solution File, Format Version 12.00
# Visual Studio Version 17
VisualStudioVersion = 17.11.35222.181
MinimumVisualStudioVersion = 10.0.40219.1
Project("{FAE04EC0-301F-11D3-BF4B-00C04F79EFBC}") = "OperatorOverloadApp", "OperatorOverloadApp\OperatorOverloadApp.csproj", "{9FF7CB0D-09E7-4CC4-B355-F5964CE9F97E}"
EndProject
Global
	GlobalSection(SolutionConfigurationPlatforms) = preSolution
		Debug|Any CPU = Debug|Any CPU
		Release|Any CPU = Release|Any CPU
	EndGlobalSection
	GlobalSection(ProjectConfigurationPlatforms) = postSolution
		{9FF7CB0D-09E7-4CC4-B355-F5964CE9F97E}.Debug|Any CPU.ActiveCfg = Debug|Any CPU
		{9FF7CB0D-09E7-4CC4-B355-F5964CE9F97E}.Debug|Any CPU.Build.0 = Debug|Any CPU
		{9FF7CB0D-09E7-4CC4-B355-F5964CE9F97E}.Release|Any CPU.ActiveCfg = Release|Any CPU
		{9FF7CB0D-09E7-4CC4-B355-F5964CE9F97E}.Release|Any CPU.Build.0 = Release|Any CPU
	EndGlobalSection
	GlobalSection(SolutionProperties) = preSolution
		HideSolutionNode = FALSE
	EndGlobalSection
	GlobalSection(ExtensibilityGlobals) = postSolution
		SolutionGuid = {AF81156D-3624-4527-BFE0-62EEA2C823CC}
	EndGlobalSection
EndGlobal
