
Microsoft Visual Studio Solution File, Format Version 12.00
# Visual Studio Version 17
VisualStudioVersion = 17.11.35222.181
MinimumVisualStudioVersion = 10.0.40219.1
Project("{FAE04EC0-301F-11D3-BF4B-00C04F79EFBC}") = "HelloWorld", "HelloWorld\HelloWorld.csproj", "{095208A5-BF62-454E-853F-97FD0D4F2EBC}"
EndProject
Global
	GlobalSection(SolutionConfigurationPlatforms) = preSolution
		Debug|Any CPU = Debug|Any CPU
		Release|Any CPU = Release|Any CPU
	EndGlobalSection
	GlobalSection(ProjectConfigurationPlatforms) = postSolution
		{095208A5-BF62-454E-853F-97FD0D4F2EBC}.Debug|Any CPU.ActiveCfg = Debug|Any CPU
		{095208A5-BF62-454E-853F-97FD0D4F2EBC}.Debug|Any CPU.Build.0 = Debug|Any CPU
		{095208A5-BF62-454E-853F-97FD0D4F2EBC}.Release|Any CPU.ActiveCfg = Release|Any CPU
		{095208A5-BF62-454E-853F-97FD0D4F2EBC}.Release|Any CPU.Build.0 = Release|Any CPU
	EndGlobalSection
	GlobalSection(SolutionProperties) = preSolution
		HideSolutionNode = FALSE
	EndGlobalSection
	GlobalSection(ExtensibilityGlobals) = postSolution
		SolutionGuid = {57FFCE20-D60B-453E-A6BF-40C1C7F009A3}
	EndGlobalSection
EndGlobal
