
Microsoft Visual Studio Solution File, Format Version 12.00
# Visual Studio Version 17
VisualStudioVersion = 17.11.35222.181
MinimumVisualStudioVersion = 10.0.40219.1
Project("{FAE04EC0-301F-11D3-BF4B-00C04F79EFBC}") = "ConsoleApp Methods", "ConsoleApp Methods\ConsoleApp Methods.csproj", "{2CA96BAD-8A53-46FB-8DD8-8A3B25104F5A}"
EndProject
Global
	GlobalSection(SolutionConfigurationPlatforms) = preSolution
		Debug|Any CPU = Debug|Any CPU
		Release|Any CPU = Release|Any CPU
	EndGlobalSection
	GlobalSection(ProjectConfigurationPlatforms) = postSolution
		{2CA96BAD-8A53-46FB-8DD8-8A3B25104F5A}.Debug|Any CPU.ActiveCfg = Debug|Any CPU
		{2CA96BAD-8A53-46FB-8DD8-8A3B25104F5A}.Debug|Any CPU.Build.0 = Debug|Any CPU
		{2CA96BAD-8A53-46FB-8DD8-8A3B25104F5A}.Release|Any CPU.ActiveCfg = Release|Any CPU
		{2CA96BAD-8A53-46FB-8DD8-8A3B25104F5A}.Release|Any CPU.Build.0 = Release|Any CPU
	EndGlobalSection
	GlobalSection(SolutionProperties) = preSolution
		HideSolutionNode = FALSE
	EndGlobalSection
	GlobalSection(ExtensibilityGlobals) = postSolution
		SolutionGuid = {EF7A7EED-8CAA-4DF1-8226-2BA613CC369A}
	EndGlobalSection
EndGlobal
