
Microsoft Visual Studio Solution File, Format Version 12.00
# Visual Studio Version 17
VisualStudioVersion = 17.11.35222.181
MinimumVisualStudioVersion = 10.0.40219.1
Project("{FAE04EC0-301F-11D3-BF4B-00C04F79EFBC}") = "accountingApp", "accountingApp\accountingApp.csproj", "{493F9C1D-BD30-4706-A7B8-DD881F2C4565}"
EndProject
Global
	GlobalSection(SolutionConfigurationPlatforms) = preSolution
		Debug|Any CPU = Debug|Any CPU
		Release|Any CPU = Release|Any CPU
	EndGlobalSection
	GlobalSection(ProjectConfigurationPlatforms) = postSolution
		{493F9C1D-BD30-4706-A7B8-DD881F2C4565}.Debug|Any CPU.ActiveCfg = Debug|Any CPU
		{493F9C1D-BD30-4706-A7B8-DD881F2C4565}.Debug|Any CPU.Build.0 = Debug|Any CPU
		{493F9C1D-BD30-4706-A7B8-DD881F2C4565}.Release|Any CPU.ActiveCfg = Release|Any CPU
		{493F9C1D-BD30-4706-A7B8-DD881F2C4565}.Release|Any CPU.Build.0 = Release|Any CPU
	EndGlobalSection
	GlobalSection(SolutionProperties) = preSolution
		HideSolutionNode = FALSE
	EndGlobalSection
	GlobalSection(ExtensibilityGlobals) = postSolution
		SolutionGuid = {8A111A78-51BC-4F9A-9388-F830E248C917}
	EndGlobalSection
EndGlobal
