
Microsoft Visual Studio Solution File, Format Version 12.00
# Visual Studio Version 17
VisualStudioVersion = 17.11.35222.181
MinimumVisualStudioVersion = 10.0.40219.1
Project("{FAE04EC0-301F-11D3-BF4B-00C04F79EFBC}") = "ClassSubmissionApp", "ClassSubmissionApp\ClassSubmissionApp.csproj", "{85E84007-54CD-44E5-8D74-FB745267745C}"
EndProject
Global
	GlobalSection(SolutionConfigurationPlatforms) = preSolution
		Debug|Any CPU = Debug|Any CPU
		Release|Any CPU = Release|Any CPU
	EndGlobalSection
	GlobalSection(ProjectConfigurationPlatforms) = postSolution
		{85E84007-54CD-44E5-8D74-FB745267745C}.Debug|Any CPU.ActiveCfg = Debug|Any CPU
		{85E84007-54CD-44E5-8D74-FB745267745C}.Debug|Any CPU.Build.0 = Debug|Any CPU
		{85E84007-54CD-44E5-8D74-FB745267745C}.Release|Any CPU.ActiveCfg = Release|Any CPU
		{85E84007-54CD-44E5-8D74-FB745267745C}.Release|Any CPU.Build.0 = Release|Any CPU
	EndGlobalSection
	GlobalSection(SolutionProperties) = preSolution
		HideSolutionNode = FALSE
	EndGlobalSection
	GlobalSection(ExtensibilityGlobals) = postSolution
		SolutionGuid = {A3CF4530-3E97-4587-BC4C-ED08FF81C5F9}
	EndGlobalSection
EndGlobal
