
Microsoft Visual Studio Solution File, Format Version 12.00
# Visual Studio Version 17
VisualStudioVersion = 17.11.35222.181
MinimumVisualStudioVersion = 10.0.40219.1
Project("{FAE04EC0-301F-11D3-BF4B-00C04F79EFBC}") = "math comparison", "math comparison\math comparison.csproj", "{F14C93FB-1462-4499-9B19-DAC71510C961}"
EndProject
Global
	GlobalSection(SolutionConfigurationPlatforms) = preSolution
		Debug|Any CPU = Debug|Any CPU
		Release|Any CPU = Release|Any CPU
	EndGlobalSection
	GlobalSection(ProjectConfigurationPlatforms) = postSolution
		{F14C93FB-1462-4499-9B19-DAC71510C961}.Debug|Any CPU.ActiveCfg = Debug|Any CPU
		{F14C93FB-1462-4499-9B19-DAC71510C961}.Debug|Any CPU.Build.0 = Debug|Any CPU
		{F14C93FB-1462-4499-9B19-DAC71510C961}.Release|Any CPU.ActiveCfg = Release|Any CPU
		{F14C93FB-1462-4499-9B19-DAC71510C961}.Release|Any CPU.Build.0 = Release|Any CPU
	EndGlobalSection
	GlobalSection(SolutionProperties) = preSolution
		HideSolutionNode = FALSE
	EndGlobalSection
	GlobalSection(ExtensibilityGlobals) = postSolution
		SolutionGuid = {CC8A39EB-6FC6-43F5-B130-5DC86A60A83E}
	EndGlobalSection
EndGlobal
