
Microsoft Visual Studio Solution File, Format Version 12.00
# Visual Studio Version 17
VisualStudioVersion = 17.11.35222.181
MinimumVisualStudioVersion = 10.0.40219.1
Project("{FAE04EC0-301F-11D3-BF4B-00C04F79EFBC}") = "Console App", "Console App\Console App.csproj", "{A179035D-B2DF-44EE-919C-CC2194E8A468}"
EndProject
Global
	GlobalSection(SolutionConfigurationPlatforms) = preSolution
		Debug|Any CPU = Debug|Any CPU
		Release|Any CPU = Release|Any CPU
	EndGlobalSection
	GlobalSection(ProjectConfigurationPlatforms) = postSolution
		{A179035D-B2DF-44EE-919C-CC2194E8A468}.Debug|Any CPU.ActiveCfg = Debug|Any CPU
		{A179035D-B2DF-44EE-919C-CC2194E8A468}.Debug|Any CPU.Build.0 = Debug|Any CPU
		{A179035D-B2DF-44EE-919C-CC2194E8A468}.Release|Any CPU.ActiveCfg = Release|Any CPU
		{A179035D-B2DF-44EE-919C-CC2194E8A468}.Release|Any CPU.Build.0 = Release|Any CPU
	EndGlobalSection
	GlobalSection(SolutionProperties) = preSolution
		HideSolutionNode = FALSE
	EndGlobalSection
	GlobalSection(ExtensibilityGlobals) = postSolution
		SolutionGuid = {AE2BBCCC-260D-46F6-88BA-8D17D445A686}
	EndGlobalSection
EndGlobal
